// !$*UTF8*$!
{
	archiveVersion = 1;
	classes = {
	};
	objectVersion = 52;
	objects = {

/* Begin PBXBuildFile section */
		64958EE726023F1900DFD840 /* AppDelegate.swift in Sources */ = {isa = PBXBuildFile; fileRef = 64958EE626023F1900DFD840 /* AppDelegate.swift */; };
		64958EE926023F1900DFD840 /* SceneDelegate.swift in Sources */ = {isa = PBXBuildFile; fileRef = 64958EE826023F1900DFD840 /* SceneDelegate.swift */; };
		64958EEB26023F1900DFD840 /* ViewController.swift in Sources */ = {isa = PBXBuildFile; fileRef = 64958EEA26023F1900DFD840 /* ViewController.swift */; };
		64958EEE26023F1900DFD840 /* Main.storyboard in Resources */ = {isa = PBXBuildFile; fileRef = 64958EEC26023F1900DFD840 /* Main.storyboard */; };
		64958EF026023F1B00DFD840 /* Assets.xcassets in Resources */ = {isa = PBXBuildFile; fileRef = 64958EEF26023F1B00DFD840 /* Assets.xcassets */; };
		64958EF326023F1B00DFD840 /* LaunchScreen.storyboard in Resources */ = {isa = PBXBuildFile; fileRef = 64958EF126023F1B00DFD840 /* LaunchScreen.storyboard */; };
		64958EFE2602402000DFD840 /* DIKit in Frameworks */ = {isa = PBXBuildFile; productRef = 64958EFD2602402000DFD840 /* DIKit */; };
		64958F022602447700DFD840 /* AutoInjectable.swift in Sources */ = {isa = PBXBuildFile; fileRef = 64958F012602447700DFD840 /* AutoInjectable.swift */; };
		64958F05260244AD00DFD840 /* Resolver.swift in Sources */ = {isa = PBXBuildFile; fileRef = 64958F04260244AD00DFD840 /* Resolver.swift */; };
		64958F08260244E800DFD840 /* DefaultResolver.swift in Sources */ = {isa = PBXBuildFile; fileRef = 64958F07260244E800DFD840 /* DefaultResolver.swift */; };
		64958F0C2602456000DFD840 /* Injectable.generated.swift in Sources */ = {isa = PBXBuildFile; fileRef = 64958F0A2602456000DFD840 /* Injectable.generated.swift */; };
		64958F0D2602456000DFD840 /* AppResolver.generated.swift in Sources */ = {isa = PBXBuildFile; fileRef = 64958F0B2602456000DFD840 /* AppResolver.generated.swift */; };
		64958F492602609800DFD840 /* ApplicationConfiguration.swift in Sources */ = {isa = PBXBuildFile; fileRef = 64958F482602609800DFD840 /* ApplicationConfiguration.swift */; };
		64958F4D2603758800DFD840 /* APIKit in Frameworks */ = {isa = PBXBuildFile; productRef = 64958F4C2603758800DFD840 /* APIKit */; };
		64958F51260375BE00DFD840 /* ReactiveSwift in Frameworks */ = {isa = PBXBuildFile; productRef = 64958F50260375BE00DFD840 /* ReactiveSwift */; };
		64958F552603760600DFD840 /* ReactiveCocoa in Frameworks */ = {isa = PBXBuildFile; productRef = 64958F542603760600DFD840 /* ReactiveCocoa */; };
		64958F592603765300DFD840 /* Nuke in Frameworks */ = {isa = PBXBuildFile; productRef = 64958F582603765300DFD840 /* Nuke */; };
		64958F62260B744500DFD840 /* LoadingState.swift in Sources */ = {isa = PBXBuildFile; fileRef = 64958F61260B744500DFD840 /* LoadingState.swift */; };
		64958F65260B788B00DFD840 /* AnyLoadingState.swift in Sources */ = {isa = PBXBuildFile; fileRef = 64958F64260B788B00DFD840 /* AnyLoadingState.swift */; };
		64958F69260B7B0800DFD840 /* APILogger.swift in Sources */ = {isa = PBXBuildFile; fileRef = 64958F68260B7B0800DFD840 /* APILogger.swift */; };
		64958F74260B89F600DFD840 /* HTTP.swift in Sources */ = {isa = PBXBuildFile; fileRef = 64958F73260B89F600DFD840 /* HTTP.swift */; };
		64958F77260B8A4700DFD840 /* HTTPRequest.swift in Sources */ = {isa = PBXBuildFile; fileRef = 64958F76260B8A4700DFD840 /* HTTPRequest.swift */; };
		64958F7A260B8AF600DFD840 /* HTTPBodyParamters.swift in Sources */ = {isa = PBXBuildFile; fileRef = 64958F79260B8AF600DFD840 /* HTTPBodyParamters.swift */; };
		64958F7E260B8C2800DFD840 /* HTTPHeaderFields.swift in Sources */ = {isa = PBXBuildFile; fileRef = 64958F7D260B8C2800DFD840 /* HTTPHeaderFields.swift */; };
		64958F82260B8C5800DFD840 /* HTTPHeader.swift in Sources */ = {isa = PBXBuildFile; fileRef = 64958F81260B8C5800DFD840 /* HTTPHeader.swift */; };
		64958F86260BA07A00DFD840 /* HTTPError.swift in Sources */ = {isa = PBXBuildFile; fileRef = 64958F85260BA07A00DFD840 /* HTTPError.swift */; };
		64958F89260BA0C200DFD840 /* HTTPClient.swift in Sources */ = {isa = PBXBuildFile; fileRef = 64958F88260BA0C200DFD840 /* HTTPClient.swift */; };
		64958F8D260F6D8600DFD840 /* Cancellabe.swift in Sources */ = {isa = PBXBuildFile; fileRef = 64958F8C260F6D8600DFD840 /* Cancellabe.swift */; };
		64958F95260F714200DFD840 /* APIRequest.swift in Sources */ = {isa = PBXBuildFile; fileRef = 64958F94260F714200DFD840 /* APIRequest.swift */; };
		64958F99260F906A00DFD840 /* APIError.swift in Sources */ = {isa = PBXBuildFile; fileRef = 64958F98260F906A00DFD840 /* APIError.swift */; };
		64958F9C260F90F600DFD840 /* APIResultParser.swift in Sources */ = {isa = PBXBuildFile; fileRef = 64958F9B260F90F600DFD840 /* APIResultParser.swift */; };
		64958FA0260F91DD00DFD840 /* JSONDecoder+Extension.swift in Sources */ = {isa = PBXBuildFile; fileRef = 64958F9F260F91DD00DFD840 /* JSONDecoder+Extension.swift */; };
		64958FA4260F933300DFD840 /* APIClient.swift in Sources */ = {isa = PBXBuildFile; fileRef = 64958FA3260F933300DFD840 /* APIClient.swift */; };
		64958FA8260F96C500DFD840 /* URL+Extension.swift in Sources */ = {isa = PBXBuildFile; fileRef = 64958FA7260F96C500DFD840 /* URL+Extension.swift */; };
		64958FC9260F9A9B00DFD840 /* HTTPRequestAdaptor.swift in Sources */ = {isa = PBXBuildFile; fileRef = 64958FC8260F9A9B00DFD840 /* HTTPRequestAdaptor.swift */; };
		64958FCD260F9ED500DFD840 /* APIKitAdaptor.swift in Sources */ = {isa = PBXBuildFile; fileRef = 64958FCC260F9ED500DFD840 /* APIKitAdaptor.swift */; };
		64958FD1260FA11E00DFD840 /* APIKitRequest.swift in Sources */ = {isa = PBXBuildFile; fileRef = 64958FD0260FA11E00DFD840 /* APIKitRequest.swift */; };
		64958FD4260FA1FF00DFD840 /* JSONSerialization+Extension.swift in Sources */ = {isa = PBXBuildFile; fileRef = 64958FD3260FA1FF00DFD840 /* JSONSerialization+Extension.swift */; };
		64958FD7260FA6C600DFD840 /* APIKitHTTPClient.swift in Sources */ = {isa = PBXBuildFile; fileRef = 64958FD6260FA6C600DFD840 /* APIKitHTTPClient.swift */; };
/* End PBXBuildFile section */

/* Begin PBXFileReference section */
		64958EE326023F1900DFD840 /* Pokedex.app */ = {isa = PBXFileReference; explicitFileType = wrapper.application; includeInIndex = 0; path = Pokedex.app; sourceTree = BUILT_PRODUCTS_DIR; };
		64958EE626023F1900DFD840 /* AppDelegate.swift */ = {isa = PBXFileReference; lastKnownFileType = sourcecode.swift; path = AppDelegate.swift; sourceTree = "<group>"; };
		64958EE826023F1900DFD840 /* SceneDelegate.swift */ = {isa = PBXFileReference; lastKnownFileType = sourcecode.swift; path = SceneDelegate.swift; sourceTree = "<group>"; };
		64958EEA26023F1900DFD840 /* ViewController.swift */ = {isa = PBXFileReference; lastKnownFileType = sourcecode.swift; path = ViewController.swift; sourceTree = "<group>"; };
		64958EED26023F1900DFD840 /* Base */ = {isa = PBXFileReference; lastKnownFileType = file.storyboard; name = Base; path = Base.lproj/Main.storyboard; sourceTree = "<group>"; };
		64958EEF26023F1B00DFD840 /* Assets.xcassets */ = {isa = PBXFileReference; lastKnownFileType = folder.assetcatalog; path = Assets.xcassets; sourceTree = "<group>"; };
		64958EF226023F1B00DFD840 /* Base */ = {isa = PBXFileReference; lastKnownFileType = file.storyboard; name = Base; path = Base.lproj/LaunchScreen.storyboard; sourceTree = "<group>"; };
		64958EF426023F1B00DFD840 /* Info.plist */ = {isa = PBXFileReference; lastKnownFileType = text.plist.xml; path = Info.plist; sourceTree = "<group>"; };
		64958F012602447700DFD840 /* AutoInjectable.swift */ = {isa = PBXFileReference; lastKnownFileType = sourcecode.swift; path = AutoInjectable.swift; sourceTree = "<group>"; };
		64958F04260244AD00DFD840 /* Resolver.swift */ = {isa = PBXFileReference; lastKnownFileType = sourcecode.swift; path = Resolver.swift; sourceTree = "<group>"; };
		64958F07260244E800DFD840 /* DefaultResolver.swift */ = {isa = PBXFileReference; lastKnownFileType = sourcecode.swift; path = DefaultResolver.swift; sourceTree = "<group>"; };
		64958F0A2602456000DFD840 /* Injectable.generated.swift */ = {isa = PBXFileReference; fileEncoding = 4; lastKnownFileType = sourcecode.swift; path = Injectable.generated.swift; sourceTree = "<group>"; };
		64958F0B2602456000DFD840 /* AppResolver.generated.swift */ = {isa = PBXFileReference; fileEncoding = 4; lastKnownFileType = sourcecode.swift; path = AppResolver.generated.swift; sourceTree = "<group>"; };
		64958F3E26024DE900DFD840 /* Debug.xcconfig */ = {isa = PBXFileReference; lastKnownFileType = text.xcconfig; path = Debug.xcconfig; sourceTree = "<group>"; };
		64958F3F26024E0400DFD840 /* Release.xcconfig */ = {isa = PBXFileReference; lastKnownFileType = text.xcconfig; path = Release.xcconfig; sourceTree = "<group>"; };
		64958F482602609800DFD840 /* ApplicationConfiguration.swift */ = {isa = PBXFileReference; lastKnownFileType = sourcecode.swift; path = ApplicationConfiguration.swift; sourceTree = "<group>"; };
		64958F61260B744500DFD840 /* LoadingState.swift */ = {isa = PBXFileReference; lastKnownFileType = sourcecode.swift; path = LoadingState.swift; sourceTree = "<group>"; };
		64958F64260B788B00DFD840 /* AnyLoadingState.swift */ = {isa = PBXFileReference; lastKnownFileType = sourcecode.swift; path = AnyLoadingState.swift; sourceTree = "<group>"; };
		64958F68260B7B0800DFD840 /* APILogger.swift */ = {isa = PBXFileReference; lastKnownFileType = sourcecode.swift; path = APILogger.swift; sourceTree = "<group>"; };
		64958F73260B89F600DFD840 /* HTTP.swift */ = {isa = PBXFileReference; lastKnownFileType = sourcecode.swift; path = HTTP.swift; sourceTree = "<group>"; };
		64958F76260B8A4700DFD840 /* HTTPRequest.swift */ = {isa = PBXFileReference; lastKnownFileType = sourcecode.swift; path = HTTPRequest.swift; sourceTree = "<group>"; };
		64958F79260B8AF600DFD840 /* HTTPBodyParamters.swift */ = {isa = PBXFileReference; lastKnownFileType = sourcecode.swift; path = HTTPBodyParamters.swift; sourceTree = "<group>"; };
		64958F7D260B8C2800DFD840 /* HTTPHeaderFields.swift */ = {isa = PBXFileReference; lastKnownFileType = sourcecode.swift; path = HTTPHeaderFields.swift; sourceTree = "<group>"; };
		64958F81260B8C5800DFD840 /* HTTPHeader.swift */ = {isa = PBXFileReference; lastKnownFileType = sourcecode.swift; path = HTTPHeader.swift; sourceTree = "<group>"; };
		64958F85260BA07A00DFD840 /* HTTPError.swift */ = {isa = PBXFileReference; lastKnownFileType = sourcecode.swift; path = HTTPError.swift; sourceTree = "<group>"; };
		64958F88260BA0C200DFD840 /* HTTPClient.swift */ = {isa = PBXFileReference; lastKnownFileType = sourcecode.swift; path = HTTPClient.swift; sourceTree = "<group>"; };
		64958F8C260F6D8600DFD840 /* Cancellabe.swift */ = {isa = PBXFileReference; lastKnownFileType = sourcecode.swift; path = Cancellabe.swift; sourceTree = "<group>"; };
		64958F94260F714200DFD840 /* APIRequest.swift */ = {isa = PBXFileReference; lastKnownFileType = sourcecode.swift; path = APIRequest.swift; sourceTree = "<group>"; };
		64958F98260F906A00DFD840 /* APIError.swift */ = {isa = PBXFileReference; lastKnownFileType = sourcecode.swift; path = APIError.swift; sourceTree = "<group>"; };
		64958F9B260F90F600DFD840 /* APIResultParser.swift */ = {isa = PBXFileReference; lastKnownFileType = sourcecode.swift; path = APIResultParser.swift; sourceTree = "<group>"; };
		64958F9F260F91DD00DFD840 /* JSONDecoder+Extension.swift */ = {isa = PBXFileReference; lastKnownFileType = sourcecode.swift; path = "JSONDecoder+Extension.swift"; sourceTree = "<group>"; };
		64958FA3260F933300DFD840 /* APIClient.swift */ = {isa = PBXFileReference; lastKnownFileType = sourcecode.swift; path = APIClient.swift; sourceTree = "<group>"; };
		64958FA7260F96C500DFD840 /* URL+Extension.swift */ = {isa = PBXFileReference; lastKnownFileType = sourcecode.swift; path = "URL+Extension.swift"; sourceTree = "<group>"; };
		64958FC8260F9A9B00DFD840 /* HTTPRequestAdaptor.swift */ = {isa = PBXFileReference; lastKnownFileType = sourcecode.swift; path = HTTPRequestAdaptor.swift; sourceTree = "<group>"; };
		64958FCC260F9ED500DFD840 /* APIKitAdaptor.swift */ = {isa = PBXFileReference; lastKnownFileType = sourcecode.swift; path = APIKitAdaptor.swift; sourceTree = "<group>"; };
		64958FD0260FA11E00DFD840 /* APIKitRequest.swift */ = {isa = PBXFileReference; lastKnownFileType = sourcecode.swift; path = APIKitRequest.swift; sourceTree = "<group>"; };
		64958FD3260FA1FF00DFD840 /* JSONSerialization+Extension.swift */ = {isa = PBXFileReference; lastKnownFileType = sourcecode.swift; path = "JSONSerialization+Extension.swift"; sourceTree = "<group>"; };
		64958FD6260FA6C600DFD840 /* APIKitHTTPClient.swift */ = {isa = PBXFileReference; lastKnownFileType = sourcecode.swift; path = APIKitHTTPClient.swift; sourceTree = "<group>"; };
/* End PBXFileReference section */

/* Begin PBXFrameworksBuildPhase section */
		64958EE026023F1900DFD840 /* Frameworks */ = {
			isa = PBXFrameworksBuildPhase;
			buildActionMask = 2147483647;
			files = (
				64958F4D2603758800DFD840 /* APIKit in Frameworks */,
				64958F552603760600DFD840 /* ReactiveCocoa in Frameworks */,
				64958F51260375BE00DFD840 /* ReactiveSwift in Frameworks */,
				64958EFE2602402000DFD840 /* DIKit in Frameworks */,
				64958F592603765300DFD840 /* Nuke in Frameworks */,
			);
			runOnlyForDeploymentPostprocessing = 0;
		};
/* End PBXFrameworksBuildPhase section */

/* Begin PBXGroup section */
		64958EDA26023F1800DFD840 = {
			isa = PBXGroup;
			children = (
				64958EE526023F1900DFD840 /* Pokedex */,
				64958EE426023F1900DFD840 /* Products */,
			);
			sourceTree = "<group>";
		};
		64958EE426023F1900DFD840 /* Products */ = {
			isa = PBXGroup;
			children = (
				64958EE326023F1900DFD840 /* Pokedex.app */,
			);
			name = Products;
			sourceTree = "<group>";
		};
		64958EE526023F1900DFD840 /* Pokedex */ = {
			isa = PBXGroup;
			children = (
				64958F3A2602495C00DFD840 /* Application */,
				64958F3D26024DA900DFD840 /* Configurations */,
				64958F9E260F91B600DFD840 /* Extension */,
				64958F5D2603777900DFD840 /* Presentation */,
				64958F5C2603777100DFD840 /* Data */,
				64958F5B2603776600DFD840 /* Domain */,
				64958F002602445000DFD840 /* DI */,
				64958F5E260B73D100DFD840 /* Infrastructure */,
				64958F3B2602496B00DFD840 /* Resources */,
				64958EEA26023F1900DFD840 /* ViewController.swift */,
				64958EEC26023F1900DFD840 /* Main.storyboard */,
			);
			path = Pokedex;
			sourceTree = "<group>";
		};
		64958F002602445000DFD840 /* DI */ = {
			isa = PBXGroup;
			children = (
				64958F0B2602456000DFD840 /* AppResolver.generated.swift */,
				64958F0A2602456000DFD840 /* Injectable.generated.swift */,
				64958F012602447700DFD840 /* AutoInjectable.swift */,
				64958F04260244AD00DFD840 /* Resolver.swift */,
				64958F07260244E800DFD840 /* DefaultResolver.swift */,
			);
			path = DI;
			sourceTree = "<group>";
		};
		64958F3A2602495C00DFD840 /* Application */ = {
			isa = PBXGroup;
			children = (
				64958EE826023F1900DFD840 /* SceneDelegate.swift */,
				64958EE626023F1900DFD840 /* AppDelegate.swift */,
				64958F482602609800DFD840 /* ApplicationConfiguration.swift */,
			);
			path = Application;
			sourceTree = "<group>";
		};
		64958F3B2602496B00DFD840 /* Resources */ = {
			isa = PBXGroup;
			children = (
				64958EF426023F1B00DFD840 /* Info.plist */,
				64958EF126023F1B00DFD840 /* LaunchScreen.storyboard */,
				64958EEF26023F1B00DFD840 /* Assets.xcassets */,
			);
			path = Resources;
			sourceTree = "<group>";
		};
		64958F3D26024DA900DFD840 /* Configurations */ = {
			isa = PBXGroup;
			children = (
				64958F3E26024DE900DFD840 /* Debug.xcconfig */,
				64958F3F26024E0400DFD840 /* Release.xcconfig */,
			);
			path = Configurations;
			sourceTree = "<group>";
		};
		64958F5B2603776600DFD840 /* Domain */ = {
			isa = PBXGroup;
			children = (
			);
			path = Domain;
			sourceTree = "<group>";
		};
		64958F5C2603777100DFD840 /* Data */ = {
			isa = PBXGroup;
			children = (
			);
			path = Data;
			sourceTree = "<group>";
		};
		64958F5D2603777900DFD840 /* Presentation */ = {
			isa = PBXGroup;
			children = (
			);
			path = Presentation;
			sourceTree = "<group>";
		};
		64958F5E260B73D100DFD840 /* Infrastructure */ = {
			isa = PBXGroup;
			children = (
				64958F8B260F6D7300DFD840 /* Common */,
				64958F6C260B7B5400DFD840 /* Network */,
				64958F5F260B742000DFD840 /* Structure */,
				64958F67260B7AE600DFD840 /* Logger */,
			);
			path = Infrastructure;
			sourceTree = "<group>";
		};
		64958F5F260B742000DFD840 /* Structure */ = {
			isa = PBXGroup;
			children = (
				64958F61260B744500DFD840 /* LoadingState.swift */,
				64958F64260B788B00DFD840 /* AnyLoadingState.swift */,
			);
			path = Structure;
			sourceTree = "<group>";
		};
		64958F67260B7AE600DFD840 /* Logger */ = {
			isa = PBXGroup;
			children = (
				64958F68260B7B0800DFD840 /* APILogger.swift */,
			);
			path = Logger;
			sourceTree = "<group>";
		};
		64958F6C260B7B5400DFD840 /* Network */ = {
			isa = PBXGroup;
			children = (
				64958F72260B89E700DFD840 /* HTTP */,
				64958F71260B89B700DFD840 /* API */,
				64958FCB260F9EC300DFD840 /* APIKit */,
			);
			path = Network;
			sourceTree = "<group>";
		};
		64958F71260B89B700DFD840 /* API */ = {
			isa = PBXGroup;
			children = (
				64958F93260F712D00DFD840 /* Request */,
				64958F98260F906A00DFD840 /* APIError.swift */,
				64958F9B260F90F600DFD840 /* APIResultParser.swift */,
				64958FA3260F933300DFD840 /* APIClient.swift */,
			);
			path = API;
			sourceTree = "<group>";
		};
		64958F72260B89E700DFD840 /* HTTP */ = {
			isa = PBXGroup;
			children = (
				64958F73260B89F600DFD840 /* HTTP.swift */,
				64958F79260B8AF600DFD840 /* HTTPBodyParamters.swift */,
				64958F81260B8C5800DFD840 /* HTTPHeader.swift */,
				64958F7D260B8C2800DFD840 /* HTTPHeaderFields.swift */,
				64958F76260B8A4700DFD840 /* HTTPRequest.swift */,
				64958F85260BA07A00DFD840 /* HTTPError.swift */,
				64958F88260BA0C200DFD840 /* HTTPClient.swift */,
			);
			path = HTTP;
			sourceTree = "<group>";
		};
		64958F8B260F6D7300DFD840 /* Common */ = {
			isa = PBXGroup;
			children = (
				64958F8C260F6D8600DFD840 /* Cancellabe.swift */,
			);
			path = Common;
			sourceTree = "<group>";
		};
		64958F93260F712D00DFD840 /* Request */ = {
			isa = PBXGroup;
			children = (
				64958F94260F714200DFD840 /* APIRequest.swift */,
				64958FC8260F9A9B00DFD840 /* HTTPRequestAdaptor.swift */,
			);
			path = Request;
			sourceTree = "<group>";
		};
		64958F9E260F91B600DFD840 /* Extension */ = {
			isa = PBXGroup;
			children = (
				64958F9F260F91DD00DFD840 /* JSONDecoder+Extension.swift */,
				64958FA7260F96C500DFD840 /* URL+Extension.swift */,
				64958FD3260FA1FF00DFD840 /* JSONSerialization+Extension.swift */,
			);
			path = Extension;
			sourceTree = "<group>";
		};
		64958FCB260F9EC300DFD840 /* APIKit */ = {
			isa = PBXGroup;
			children = (
				64958FD6260FA6C600DFD840 /* APIKitHTTPClient.swift */,
				64958FCC260F9ED500DFD840 /* APIKitAdaptor.swift */,
				64958FD0260FA11E00DFD840 /* APIKitRequest.swift */,
			);
			path = APIKit;
			sourceTree = "<group>";
		};
/* End PBXGroup section */

/* Begin PBXNativeTarget section */
		64958EE226023F1900DFD840 /* Pokedex */ = {
			isa = PBXNativeTarget;
			buildConfigurationList = 64958EF726023F1B00DFD840 /* Build configuration list for PBXNativeTarget "Pokedex" */;
			buildPhases = (
				64958F2E2602468A00DFD840 /* Run DI Script */,
				64958EDF26023F1900DFD840 /* Sources */,
				64958EE026023F1900DFD840 /* Frameworks */,
				64958EE126023F1900DFD840 /* Resources */,
			);
			buildRules = (
			);
			dependencies = (
			);
			name = Pokedex;
			packageProductDependencies = (
				64958EFD2602402000DFD840 /* DIKit */,
				64958F4C2603758800DFD840 /* APIKit */,
				64958F50260375BE00DFD840 /* ReactiveSwift */,
				64958F542603760600DFD840 /* ReactiveCocoa */,
				64958F582603765300DFD840 /* Nuke */,
			);
			productName = Pokedex;
			productReference = 64958EE326023F1900DFD840 /* Pokedex.app */;
			productType = "com.apple.product-type.application";
		};
/* End PBXNativeTarget section */

/* Begin PBXProject section */
		64958EDB26023F1800DFD840 /* Project object */ = {
			isa = PBXProject;
			attributes = {
				LastSwiftUpdateCheck = 1230;
				LastUpgradeCheck = 1230;
				TargetAttributes = {
					64958EE226023F1900DFD840 = {
						CreatedOnToolsVersion = 12.3;
					};
				};
			};
			buildConfigurationList = 64958EDE26023F1800DFD840 /* Build configuration list for PBXProject "Pokedex" */;
			compatibilityVersion = "Xcode 9.3";
			developmentRegion = en;
			hasScannedForEncodings = 0;
			knownRegions = (
				en,
				Base,
			);
			mainGroup = 64958EDA26023F1800DFD840;
			packageReferences = (
				64958EFC2602402000DFD840 /* XCRemoteSwiftPackageReference "DIKit" */,
				64958F4B2603758800DFD840 /* XCRemoteSwiftPackageReference "APIKit" */,
				64958F4F260375BE00DFD840 /* XCRemoteSwiftPackageReference "ReactiveSwift" */,
				64958F532603760600DFD840 /* XCRemoteSwiftPackageReference "ReactiveCocoa" */,
				64958F572603765300DFD840 /* XCRemoteSwiftPackageReference "Nuke" */,
			);
			productRefGroup = 64958EE426023F1900DFD840 /* Products */;
			projectDirPath = "";
			projectRoot = "";
			targets = (
				64958EE226023F1900DFD840 /* Pokedex */,
			);
		};
/* End PBXProject section */

/* Begin PBXResourcesBuildPhase section */
		64958EE126023F1900DFD840 /* Resources */ = {
			isa = PBXResourcesBuildPhase;
			buildActionMask = 2147483647;
			files = (
				64958EF326023F1B00DFD840 /* LaunchScreen.storyboard in Resources */,
				64958EF026023F1B00DFD840 /* Assets.xcassets in Resources */,
				64958EEE26023F1900DFD840 /* Main.storyboard in Resources */,
			);
			runOnlyForDeploymentPostprocessing = 0;
		};
/* End PBXResourcesBuildPhase section */

/* Begin PBXShellScriptBuildPhase section */
		64958F2E2602468A00DFD840 /* Run DI Script */ = {
			isa = PBXShellScriptBuildPhase;
			buildActionMask = 2147483647;
			files = (
			);
			inputFileListPaths = (
			);
			inputPaths = (
			);
			name = "Run DI Script";
			outputFileListPaths = (
			);
			outputPaths = (
			);
			runOnlyForDeploymentPostprocessing = 0;
			shellPath = /bin/sh;
			shellScript = "if [ \"${CONFIGURATION}\" != \"Release\" ]; then\n    echo \"[DIKit] Executing make di\"\n    cd $PROJECT_DIR\n    cd ..\n    make di\nfi\n";
		};
/* End PBXShellScriptBuildPhase section */

/* Begin PBXSourcesBuildPhase section */
		64958EDF26023F1900DFD840 /* Sources */ = {
			isa = PBXSourcesBuildPhase;
			buildActionMask = 2147483647;
			files = (
				64958F82260B8C5800DFD840 /* HTTPHeader.swift in Sources */,
				64958F69260B7B0800DFD840 /* APILogger.swift in Sources */,
				64958FD4260FA1FF00DFD840 /* JSONSerialization+Extension.swift in Sources */,
				64958F492602609800DFD840 /* ApplicationConfiguration.swift in Sources */,
				64958FC9260F9A9B00DFD840 /* HTTPRequestAdaptor.swift in Sources */,
				64958FA4260F933300DFD840 /* APIClient.swift in Sources */,
				64958F7E260B8C2800DFD840 /* HTTPHeaderFields.swift in Sources */,
				64958F05260244AD00DFD840 /* Resolver.swift in Sources */,
				64958FCD260F9ED500DFD840 /* APIKitAdaptor.swift in Sources */,
				64958F89260BA0C200DFD840 /* HTTPClient.swift in Sources */,
				64958FA0260F91DD00DFD840 /* JSONDecoder+Extension.swift in Sources */,
				64958F62260B744500DFD840 /* LoadingState.swift in Sources */,
				64958F86260BA07A00DFD840 /* HTTPError.swift in Sources */,
				64958EEB26023F1900DFD840 /* ViewController.swift in Sources */,
				64958F022602447700DFD840 /* AutoInjectable.swift in Sources */,
				64958F08260244E800DFD840 /* DefaultResolver.swift in Sources */,
				64958EE726023F1900DFD840 /* AppDelegate.swift in Sources */,
				64958FD1260FA11E00DFD840 /* APIKitRequest.swift in Sources */,
				64958F74260B89F600DFD840 /* HTTP.swift in Sources */,
				64958F65260B788B00DFD840 /* AnyLoadingState.swift in Sources */,
				64958FD7260FA6C600DFD840 /* APIKitHTTPClient.swift in Sources */,
				64958F8D260F6D8600DFD840 /* Cancellabe.swift in Sources */,
				64958F7A260B8AF600DFD840 /* HTTPBodyParamters.swift in Sources */,
				64958F0C2602456000DFD840 /* Injectable.generated.swift in Sources */,
				64958F95260F714200DFD840 /* APIRequest.swift in Sources */,
				64958F77260B8A4700DFD840 /* HTTPRequest.swift in Sources */,
				64958FA8260F96C500DFD840 /* URL+Extension.swift in Sources */,
				64958F0D2602456000DFD840 /* AppResolver.generated.swift in Sources */,
				64958F9C260F90F600DFD840 /* APIResultParser.swift in Sources */,
				64958EE926023F1900DFD840 /* SceneDelegate.swift in Sources */,
				64958F99260F906A00DFD840 /* APIError.swift in Sources */,
			);
			runOnlyForDeploymentPostprocessing = 0;
		};
/* End PBXSourcesBuildPhase section */

/* Begin PBXVariantGroup section */
		64958EEC26023F1900DFD840 /* Main.storyboard */ = {
			isa = PBXVariantGroup;
			children = (
				64958EED26023F1900DFD840 /* Base */,
			);
			name = Main.storyboard;
			sourceTree = "<group>";
		};
		64958EF126023F1B00DFD840 /* LaunchScreen.storyboard */ = {
			isa = PBXVariantGroup;
			children = (
				64958EF226023F1B00DFD840 /* Base */,
			);
			name = LaunchScreen.storyboard;
			sourceTree = "<group>";
		};
/* End PBXVariantGroup section */

/* Begin XCBuildConfiguration section */
		64958EF526023F1B00DFD840 /* Debug */ = {
			isa = XCBuildConfiguration;
			baseConfigurationReference = 64958F3E26024DE900DFD840 /* Debug.xcconfig */;
			buildSettings = {
				ALWAYS_SEARCH_USER_PATHS = NO;
				CLANG_ANALYZER_NONNULL = YES;
				CLANG_ANALYZER_NUMBER_OBJECT_CONVERSION = YES_AGGRESSIVE;
				CLANG_CXX_LANGUAGE_STANDARD = "gnu++14";
				CLANG_CXX_LIBRARY = "libc++";
				CLANG_ENABLE_MODULES = YES;
				CLANG_ENABLE_OBJC_ARC = YES;
				CLANG_ENABLE_OBJC_WEAK = YES;
				CLANG_WARN_BLOCK_CAPTURE_AUTORELEASING = YES;
				CLANG_WARN_BOOL_CONVERSION = YES;
				CLANG_WARN_COMMA = YES;
				CLANG_WARN_CONSTANT_CONVERSION = YES;
				CLANG_WARN_DEPRECATED_OBJC_IMPLEMENTATIONS = YES;
				CLANG_WARN_DIRECT_OBJC_ISA_USAGE = YES_ERROR;
				CLANG_WARN_DOCUMENTATION_COMMENTS = YES;
				CLANG_WARN_EMPTY_BODY = YES;
				CLANG_WARN_ENUM_CONVERSION = YES;
				CLANG_WARN_INFINITE_RECURSION = YES;
				CLANG_WARN_INT_CONVERSION = YES;
				CLANG_WARN_NON_LITERAL_NULL_CONVERSION = YES;
				CLANG_WARN_OBJC_IMPLICIT_RETAIN_SELF = YES;
				CLANG_WARN_OBJC_LITERAL_CONVERSION = YES;
				CLANG_WARN_OBJC_ROOT_CLASS = YES_ERROR;
				CLANG_WARN_QUOTED_INCLUDE_IN_FRAMEWORK_HEADER = YES;
				CLANG_WARN_RANGE_LOOP_ANALYSIS = YES;
				CLANG_WARN_STRICT_PROTOTYPES = YES;
				CLANG_WARN_SUSPICIOUS_MOVE = YES;
				CLANG_WARN_UNGUARDED_AVAILABILITY = YES_AGGRESSIVE;
				CLANG_WARN_UNREACHABLE_CODE = YES;
				CLANG_WARN__DUPLICATE_METHOD_MATCH = YES;
				COPY_PHASE_STRIP = NO;
				DEBUG_INFORMATION_FORMAT = dwarf;
				ENABLE_STRICT_OBJC_MSGSEND = YES;
				ENABLE_TESTABILITY = YES;
				GCC_C_LANGUAGE_STANDARD = gnu11;
				GCC_DYNAMIC_NO_PIC = NO;
				GCC_NO_COMMON_BLOCKS = YES;
				GCC_OPTIMIZATION_LEVEL = 0;
				GCC_PREPROCESSOR_DEFINITIONS = (
					"DEBUG=1",
					"$(inherited)",
				);
				GCC_WARN_64_TO_32_BIT_CONVERSION = YES;
				GCC_WARN_ABOUT_RETURN_TYPE = YES_ERROR;
				GCC_WARN_UNDECLARED_SELECTOR = YES;
				GCC_WARN_UNINITIALIZED_AUTOS = YES_AGGRESSIVE;
				GCC_WARN_UNUSED_FUNCTION = YES;
				GCC_WARN_UNUSED_VARIABLE = YES;
				IPHONEOS_DEPLOYMENT_TARGET = 14.3;
				MTL_ENABLE_DEBUG_INFO = INCLUDE_SOURCE;
				MTL_FAST_MATH = YES;
				ONLY_ACTIVE_ARCH = YES;
				SDKROOT = iphoneos;
				SWIFT_ACTIVE_COMPILATION_CONDITIONS = DEBUG;
				SWIFT_OPTIMIZATION_LEVEL = "-Onone";
			};
			name = Debug;
		};
		64958EF626023F1B00DFD840 /* Release */ = {
			isa = XCBuildConfiguration;
			baseConfigurationReference = 64958F3F26024E0400DFD840 /* Release.xcconfig */;
			buildSettings = {
				ALWAYS_SEARCH_USER_PATHS = NO;
				CLANG_ANALYZER_NONNULL = YES;
				CLANG_ANALYZER_NUMBER_OBJECT_CONVERSION = YES_AGGRESSIVE;
				CLANG_CXX_LANGUAGE_STANDARD = "gnu++14";
				CLANG_CXX_LIBRARY = "libc++";
				CLANG_ENABLE_MODULES = YES;
				CLANG_ENABLE_OBJC_ARC = YES;
				CLANG_ENABLE_OBJC_WEAK = YES;
				CLANG_WARN_BLOCK_CAPTURE_AUTORELEASING = YES;
				CLANG_WARN_BOOL_CONVERSION = YES;
				CLANG_WARN_COMMA = YES;
				CLANG_WARN_CONSTANT_CONVERSION = YES;
				CLANG_WARN_DEPRECATED_OBJC_IMPLEMENTATIONS = YES;
				CLANG_WARN_DIRECT_OBJC_ISA_USAGE = YES_ERROR;
				CLANG_WARN_DOCUMENTATION_COMMENTS = YES;
				CLANG_WARN_EMPTY_BODY = YES;
				CLANG_WARN_ENUM_CONVERSION = YES;
				CLANG_WARN_INFINITE_RECURSION = YES;
				CLANG_WARN_INT_CONVERSION = YES;
				CLANG_WARN_NON_LITERAL_NULL_CONVERSION = YES;
				CLANG_WARN_OBJC_IMPLICIT_RETAIN_SELF = YES;
				CLANG_WARN_OBJC_LITERAL_CONVERSION = YES;
				CLANG_WARN_OBJC_ROOT_CLASS = YES_ERROR;
				CLANG_WARN_QUOTED_INCLUDE_IN_FRAMEWORK_HEADER = YES;
				CLANG_WARN_RANGE_LOOP_ANALYSIS = YES;
				CLANG_WARN_STRICT_PROTOTYPES = YES;
				CLANG_WARN_SUSPICIOUS_MOVE = YES;
				CLANG_WARN_UNGUARDED_AVAILABILITY = YES_AGGRESSIVE;
				CLANG_WARN_UNREACHABLE_CODE = YES;
				CLANG_WARN__DUPLICATE_METHOD_MATCH = YES;
				COPY_PHASE_STRIP = NO;
				DEBUG_INFORMATION_FORMAT = "dwarf-with-dsym";
				ENABLE_NS_ASSERTIONS = NO;
				ENABLE_STRICT_OBJC_MSGSEND = YES;
				GCC_C_LANGUAGE_STANDARD = gnu11;
				GCC_NO_COMMON_BLOCKS = YES;
				GCC_WARN_64_TO_32_BIT_CONVERSION = YES;
				GCC_WARN_ABOUT_RETURN_TYPE = YES_ERROR;
				GCC_WARN_UNDECLARED_SELECTOR = YES;
				GCC_WARN_UNINITIALIZED_AUTOS = YES_AGGRESSIVE;
				GCC_WARN_UNUSED_FUNCTION = YES;
				GCC_WARN_UNUSED_VARIABLE = YES;
				IPHONEOS_DEPLOYMENT_TARGET = 14.3;
				MTL_ENABLE_DEBUG_INFO = NO;
				MTL_FAST_MATH = YES;
				SDKROOT = iphoneos;
				SWIFT_COMPILATION_MODE = wholemodule;
				SWIFT_OPTIMIZATION_LEVEL = "-O";
				VALIDATE_PRODUCT = YES;
			};
			name = Release;
		};
		64958EF826023F1B00DFD840 /* Debug */ = {
			isa = XCBuildConfiguration;
			baseConfigurationReference = 64958F3E26024DE900DFD840 /* Debug.xcconfig */;
			buildSettings = {
				ASSETCATALOG_COMPILER_APPICON_NAME = "$(APP_ICON)";
				ASSETCATALOG_COMPILER_GLOBAL_ACCENT_COLOR_NAME = AccentColor;
				CODE_SIGN_STYLE = Automatic;
				DEVELOPMENT_TEAM = 2QZXZME53M;
				INFOPLIST_FILE = Pokedex/Resources/Info.plist;
				LD_RUNPATH_SEARCH_PATHS = (
					"$(inherited)",
					"@executable_path/Frameworks",
				);
				PRODUCT_BUNDLE_IDENTIFIER = com.binish.Pokedex;
				PRODUCT_NAME = "$(TARGET_NAME)";
				SWIFT_ACTIVE_COMPILATION_CONDITIONS = "$(COMPILATION_CONDITIONS)";
				SWIFT_VERSION = 5.0;
				TARGETED_DEVICE_FAMILY = "1,2";
			};
			name = Debug;
		};
		64958EF926023F1B00DFD840 /* Release */ = {
			isa = XCBuildConfiguration;
			baseConfigurationReference = 64958F3F26024E0400DFD840 /* Release.xcconfig */;
			buildSettings = {
				ASSETCATALOG_COMPILER_APPICON_NAME = "$(APP_ICON)";
				ASSETCATALOG_COMPILER_GLOBAL_ACCENT_COLOR_NAME = AccentColor;
				CODE_SIGN_STYLE = Automatic;
				DEVELOPMENT_TEAM = 2QZXZME53M;
				INFOPLIST_FILE = Pokedex/Resources/Info.plist;
				LD_RUNPATH_SEARCH_PATHS = (
					"$(inherited)",
					"@executable_path/Frameworks",
				);
				PRODUCT_BUNDLE_IDENTIFIER = com.binish.Pokedex;
				PRODUCT_NAME = "$(TARGET_NAME)";
				SWIFT_ACTIVE_COMPILATION_CONDITIONS = "$(COMPILATION_CONDITIONS)";
				SWIFT_VERSION = 5.0;
				TARGETED_DEVICE_FAMILY = "1,2";
			};
			name = Release;
		};
/* End XCBuildConfiguration section */

/* Begin XCConfigurationList section */
		64958EDE26023F1800DFD840 /* Build configuration list for PBXProject "Pokedex" */ = {
			isa = XCConfigurationList;
			buildConfigurations = (
				64958EF526023F1B00DFD840 /* Debug */,
				64958EF626023F1B00DFD840 /* Release */,
			);
			defaultConfigurationIsVisible = 0;
			defaultConfigurationName = Release;
		};
		64958EF726023F1B00DFD840 /* Build configuration list for PBXNativeTarget "Pokedex" */ = {
			isa = XCConfigurationList;
			buildConfigurations = (
				64958EF826023F1B00DFD840 /* Debug */,
				64958EF926023F1B00DFD840 /* Release */,
			);
			defaultConfigurationIsVisible = 0;
			defaultConfigurationName = Release;
		};
/* End XCConfigurationList section */

/* Begin XCRemoteSwiftPackageReference section */
		64958EFC2602402000DFD840 /* XCRemoteSwiftPackageReference "DIKit" */ = {
			isa = XCRemoteSwiftPackageReference;
			repositoryURL = "https://github.com/ishkawa/DIKit";
			requirement = {
				kind = upToNextMajorVersion;
				minimumVersion = 0.5.0;
			};
		};
		64958F4B2603758800DFD840 /* XCRemoteSwiftPackageReference "APIKit" */ = {
			isa = XCRemoteSwiftPackageReference;
			repositoryURL = "https://github.com/ishkawa/APIKit";
			requirement = {
				kind = upToNextMajorVersion;
				minimumVersion = 5.2.0;
			};
		};
		64958F4F260375BE00DFD840 /* XCRemoteSwiftPackageReference "ReactiveSwift" */ = {
			isa = XCRemoteSwiftPackageReference;
			repositoryURL = "https://github.com/ReactiveCocoa/ReactiveSwift";
			requirement = {
				kind = upToNextMajorVersion;
				minimumVersion = 6.6.0;
			};
		};
		64958F532603760600DFD840 /* XCRemoteSwiftPackageReference "ReactiveCocoa" */ = {
			isa = XCRemoteSwiftPackageReference;
			repositoryURL = "https://github.com/ReactiveCocoa/ReactiveCocoa";
			requirement = {
				kind = upToNextMajorVersion;
				minimumVersion = 11.2.0;
			};
		};
		64958F572603765300DFD840 /* XCRemoteSwiftPackageReference "Nuke" */ = {
			isa = XCRemoteSwiftPackageReference;
			repositoryURL = "https://github.com/kean/Nuke";
			requirement = {
				kind = upToNextMajorVersion;
				minimumVersion = 9.3.0;
			};
		};
/* End XCRemoteSwiftPackageReference section */

/* Begin XCSwiftPackageProductDependency section */
		64958EFD2602402000DFD840 /* DIKit */ = {
			isa = XCSwiftPackageProductDependency;
			package = 64958EFC2602402000DFD840 /* XCRemoteSwiftPackageReference "DIKit" */;
			productName = DIKit;
		};
		64958F4C2603758800DFD840 /* APIKit */ = {
			isa = XCSwiftPackageProductDependency;
			package = 64958F4B2603758800DFD840 /* XCRemoteSwiftPackageReference "APIKit" */;
			productName = APIKit;
		};
		64958F50260375BE00DFD840 /* ReactiveSwift */ = {
			isa = XCSwiftPackageProductDependency;
			package = 64958F4F260375BE00DFD840 /* XCRemoteSwiftPackageReference "ReactiveSwift" */;
			productName = ReactiveSwift;
		};
		64958F542603760600DFD840 /* ReactiveCocoa */ = {
			isa = XCSwiftPackageProductDependency;
			package = 64958F532603760600DFD840 /* XCRemoteSwiftPackageReference "ReactiveCocoa" */;
			productName = ReactiveCocoa;
		};
		64958F582603765300DFD840 /* Nuke */ = {
			isa = XCSwiftPackageProductDependency;
			package = 64958F572603765300DFD840 /* XCRemoteSwiftPackageReference "Nuke" */;
			productName = Nuke;
		};
/* End XCSwiftPackageProductDependency section */
	};
	rootObject = 64958EDB26023F1800DFD840 /* Project object */;
}
